
Microsoft Visual Studio Solution File, Format Version 12.00
# Visual Studio Version 17
VisualStudioVersion = 17.1.32421.90
MinimumVisualStudioVersion = 10.0.40219.1
Project("{9A19103F-16F7-4668-BE54-9A1E7A4F7556}") = "Example.Common", "Example.Common\Example.Common.csproj", "{34DD8859-E50F-408F-8DA7-F425A4376539}"
EndProject
Project("{9A19103F-16F7-4668-BE54-9A1E7A4F7556}") = "Example.WebApp", "Example.WebApp\Example.WebApp.csproj", "{797E353D-379F-46C8-B8AD-E2BE4490595D}"
EndProject
Project("{9A19103F-16F7-4668-BE54-9A1E7A4F7556}") = "Example.WebApi", "Example.WebApi\Example.WebApi.csproj", "{FF7FF456-35A8-4977-9CFE-372E957DF7A6}"
EndProject
Global
	GlobalSection(SolutionConfigurationPlatforms) = preSolution
		Debug|Any CPU = Debug|Any CPU
		Release|Any CPU = Release|Any CPU
	EndGlobalSection
	GlobalSection(ProjectConfigurationPlatforms) = postSolution
		{34DD8859-E50F-408F-8DA7-F425A4376539}.Debug|Any CPU.ActiveCfg = Debug|Any CPU
		{34DD8859-E50F-408F-8DA7-F425A4376539}.Debug|Any CPU.Build.0 = Debug|Any CPU
		{34DD8859-E50F-408F-8DA7-F425A4376539}.Release|Any CPU.ActiveCfg = Release|Any CPU
		{34DD8859-E50F-408F-8DA7-F425A4376539}.Release|Any CPU.Build.0 = Release|Any CPU
		{797E353D-379F-46C8-B8AD-E2BE4490595D}.Debug|Any CPU.ActiveCfg = Debug|Any CPU
		{797E353D-379F-46C8-B8AD-E2BE4490595D}.Debug|Any CPU.Build.0 = Debug|Any CPU
		{797E353D-379F-46C8-B8AD-E2BE4490595D}.Release|Any CPU.ActiveCfg = Release|Any CPU
		{797E353D-379F-46C8-B8AD-E2BE4490595D}.Release|Any CPU.Build.0 = Release|Any CPU
		{FF7FF456-35A8-4977-9CFE-372E957DF7A6}.Debug|Any CPU.ActiveCfg = Debug|Any CPU
		{FF7FF456-35A8-4977-9CFE-372E957DF7A6}.Debug|Any CPU.Build.0 = Debug|Any CPU
		{FF7FF456-35A8-4977-9CFE-372E957DF7A6}.Release|Any CPU.ActiveCfg = Release|Any CPU
		{FF7FF456-35A8-4977-9CFE-372E957DF7A6}.Release|Any CPU.Build.0 = Release|Any CPU
	EndGlobalSection
	GlobalSection(SolutionProperties) = preSolution
		HideSolutionNode = FALSE
	EndGlobalSection
	GlobalSection(ExtensibilityGlobals) = postSolution
		SolutionGuid = {5C9F9D50-489E-498A-A610-CFE664B6DE07}
	EndGlobalSection
EndGlobal
